
Microsoft Visual Studio Solution File, Format Version 12.00
# Visual Studio Version 16
VisualStudioVersion = 16.0.29102.190
MinimumVisualStudioVersion = 10.0.40219.1
Project("{9A19103F-16F7-4668-BE54-9A1E7A4F7556}") = "DatabaseAPI", "DatabaseAPI\DatabaseAPI.csproj", "{978855E5-196F-403F-9CAB-E36B2F1D27F3}"
EndProject
Project("{9A19103F-16F7-4668-BE54-9A1E7A4F7556}") = "DatabaseAPI.Tests", "DatabaseAPI.Tests\DatabaseAPI.Tests.csproj", "{6DF89A93-BBCD-4164-83DA-04AEA0B9F898}"
EndProject
Global
	GlobalSection(SolutionConfigurationPlatforms) = preSolution
		Debug|Any CPU = Debug|Any CPU
		Release|Any CPU = Release|Any CPU
	EndGlobalSection
	GlobalSection(ProjectConfigurationPlatforms) = postSolution
		{978855E5-196F-403F-9CAB-E36B2F1D27F3}.Debug|Any CPU.ActiveCfg = Debug|Any CPU
		{978855E5-196F-403F-9CAB-E36B2F1D27F3}.Debug|Any CPU.Build.0 = Debug|Any CPU
		{978855E5-196F-403F-9CAB-E36B2F1D27F3}.Release|Any CPU.ActiveCfg = Release|Any CPU
		{978855E5-196F-403F-9CAB-E36B2F1D27F3}.Release|Any CPU.Build.0 = Release|Any CPU
		{6DF89A93-BBCD-4164-83DA-04AEA0B9F898}.Debug|Any CPU.ActiveCfg = Debug|Any CPU
		{6DF89A93-BBCD-4164-83DA-04AEA0B9F898}.Debug|Any CPU.Build.0 = Debug|Any CPU
		{6DF89A93-BBCD-4164-83DA-04AEA0B9F898}.Release|Any CPU.ActiveCfg = Release|Any CPU
		{6DF89A93-BBCD-4164-83DA-04AEA0B9F898}.Release|Any CPU.Build.0 = Release|Any CPU
	EndGlobalSection
	GlobalSection(SolutionProperties) = preSolution
		HideSolutionNode = FALSE
	EndGlobalSection
	GlobalSection(ExtensibilityGlobals) = postSolution
		SolutionGuid = {C03E1194-1F5E-4CFB-AADE-6CF917B115FA}
	EndGlobalSection
EndGlobal
